
Microsoft Visual Studio Solution File, Format Version 12.00
# Visual Studio Version 17
VisualStudioVersion = 17.0.31903.59
MinimumVisualStudioVersion = 10.0.40219.1
Project("{FAE04EC0-301F-11D3-BF4B-00C04F79EFBC}") = "Domain", "Domain\Domain.csproj", "{5712135F-D1A6-4E97-977D-683393EB3D8A}"
EndProject
Project("{FAE04EC0-301F-11D3-BF4B-00C04F79EFBC}") = "Infrastructure", "Infrastructure\Infrastructure.csproj", "{A09E7A7B-C81C-42A2-A6D8-67AC1632ECFC}"
EndProject
Project("{FAE04EC0-301F-11D3-BF4B-00C04F79EFBC}") = "WebApi", "WebApi\WebApi.csproj", "{71423D3C-3B0A-4FEA-8237-D138D522AB19}"
EndProject
Global
	GlobalSection(SolutionConfigurationPlatforms) = preSolution
		Debug|Any CPU = Debug|Any CPU
		Release|Any CPU = Release|Any CPU
	EndGlobalSection
	GlobalSection(SolutionProperties) = preSolution
		HideSolutionNode = FALSE
	EndGlobalSection
	GlobalSection(ProjectConfigurationPlatforms) = postSolution
		{5712135F-D1A6-4E97-977D-683393EB3D8A}.Debug|Any CPU.ActiveCfg = Debug|Any CPU
		{5712135F-D1A6-4E97-977D-683393EB3D8A}.Debug|Any CPU.Build.0 = Debug|Any CPU
		{5712135F-D1A6-4E97-977D-683393EB3D8A}.Release|Any CPU.ActiveCfg = Release|Any CPU
		{5712135F-D1A6-4E97-977D-683393EB3D8A}.Release|Any CPU.Build.0 = Release|Any CPU
		{A09E7A7B-C81C-42A2-A6D8-67AC1632ECFC}.Debug|Any CPU.ActiveCfg = Debug|Any CPU
		{A09E7A7B-C81C-42A2-A6D8-67AC1632ECFC}.Debug|Any CPU.Build.0 = Debug|Any CPU
		{A09E7A7B-C81C-42A2-A6D8-67AC1632ECFC}.Release|Any CPU.ActiveCfg = Release|Any CPU
		{A09E7A7B-C81C-42A2-A6D8-67AC1632ECFC}.Release|Any CPU.Build.0 = Release|Any CPU
		{71423D3C-3B0A-4FEA-8237-D138D522AB19}.Debug|Any CPU.ActiveCfg = Debug|Any CPU
		{71423D3C-3B0A-4FEA-8237-D138D522AB19}.Debug|Any CPU.Build.0 = Debug|Any CPU
		{71423D3C-3B0A-4FEA-8237-D138D522AB19}.Release|Any CPU.ActiveCfg = Release|Any CPU
		{71423D3C-3B0A-4FEA-8237-D138D522AB19}.Release|Any CPU.Build.0 = Release|Any CPU
	EndGlobalSection
EndGlobal
